
Microsoft Visual Studio Solution File, Format Version 12.00
# Visual Studio Version 16
VisualStudioVersion = 16.0.30804.86
MinimumVisualStudioVersion = 10.0.40219.1
Project("{FAE04EC0-301F-11D3-BF4B-00C04F79EFBC}") = "BlockChain", "BlockChain.csproj", "{45AE1220-917D-45E2-B459-9B7ABD5DB8FA}"
EndProject
Global
	GlobalSection(SolutionConfigurationPlatforms) = preSolution
		Debug|Any CPU = Debug|Any CPU
		Release|Any CPU = Release|Any CPU
	EndGlobalSection
	GlobalSection(ProjectConfigurationPlatforms) = postSolution
		{45AE1220-917D-45E2-B459-9B7ABD5DB8FA}.Debug|Any CPU.ActiveCfg = Debug|Any CPU
		{45AE1220-917D-45E2-B459-9B7ABD5DB8FA}.Debug|Any CPU.Build.0 = Debug|Any CPU
		{45AE1220-917D-45E2-B459-9B7ABD5DB8FA}.Release|Any CPU.ActiveCfg = Release|Any CPU
		{45AE1220-917D-45E2-B459-9B7ABD5DB8FA}.Release|Any CPU.Build.0 = Release|Any CPU
	EndGlobalSection
	GlobalSection(SolutionProperties) = preSolution
		HideSolutionNode = FALSE
	EndGlobalSection
	GlobalSection(ExtensibilityGlobals) = postSolution
		SolutionGuid = {E30921EF-D587-462B-964F-819310D02C61}
	EndGlobalSection
EndGlobal
